// !$*UTF8*$!
{
	archiveVersion = 1;
	classes = {
	};
	objectVersion = 77;
	objects = {

/* Begin PBXContainerItemProxy section */
		CE0E84322E06B79F0025D4A0 /* PBXContainerItemProxy */ = {
			isa = PBXContainerItemProxy;
			containerPortal = CE0E841C2E06B79C0025D4A0 /* Project object */;
			proxyType = 1;
			remoteGlobalIDString = CE0E84232E06B79C0025D4A0;
			remoteInfo = CardStackAnimation;
		};
		CE0E843C2E06B79F0025D4A0 /* PBXContainerItemProxy */ = {
			isa = PBXContainerItemProxy;
			containerPortal = CE0E841C2E06B79C0025D4A0 /* Project object */;
			proxyType = 1;
			remoteGlobalIDString = CE0E84232E06B79C0025D4A0;
			remoteInfo = CardStackAnimation;
		};
/* End PBXContainerItemProxy section */

/* Begin PBXFileReference section */
		CE0E84242E06B79C0025D4A0 /* CardStackAnimation.app */ = {isa = PBXFileReference; explicitFileType = wrapper.application; includeInIndex = 0; path = CardStackAnimation.app; sourceTree = BUILT_PRODUCTS_DIR; };
		CE0E84312E06B79F0025D4A0 /* CardStackAnimationTests.xctest */ = {isa = PBXFileReference; explicitFileType = wrapper.cfbundle; includeInIndex = 0; path = CardStackAnimationTests.xctest; sourceTree = BUILT_PRODUCTS_DIR; };
		CE0E843B2E06B79F0025D4A0 /* CardStackAnimationUITests.xctest */ = {isa = PBXFileReference; explicitFileType = wrapper.cfbundle; includeInIndex = 0; path = CardStackAnimationUITests.xctest; sourceTree = BUILT_PRODUCTS_DIR; };
/* End PBXFileReference section */

/* Begin PBXFileSystemSynchronizedRootGroup section */
		CE0E84262E06B79C0025D4A0 /* CardStackAnimation */ = {
			isa = PBXFileSystemSynchronizedRootGroup;
			path = CardStackAnimation;
			sourceTree = "<group>";
		};
		CE0E84342E06B79F0025D4A0 /* CardStackAnimationTests */ = {
			isa = PBXFileSystemSynchronizedRootGroup;
			path = CardStackAnimationTests;
			sourceTree = "<group>";
		};
		CE0E843E2E06B79F0025D4A0 /* CardStackAnimationUITests */ = {
			isa = PBXFileSystemSynchronizedRootGroup;
			path = CardStackAnimationUITests;
			sourceTree = "<group>";
		};
/* End PBXFileSystemSynchronizedRootGroup section */

/* Begin PBXFrameworksBuildPhase section */
		CE0E84212E06B79C0025D4A0 /* Frameworks */ = {
			isa = PBXFrameworksBuildPhase;
			buildActionMask = 2147483647;
			files = (
			);
			runOnlyForDeploymentPostprocessing = 0;
		};
		CE0E842E2E06B79F0025D4A0 /* Frameworks */ = {
			isa = PBXFrameworksBuildPhase;
			buildActionMask = 2147483647;
			files = (
			);
			runOnlyForDeploymentPostprocessing = 0;
		};
		CE0E84382E06B79F0025D4A0 /* Frameworks */ = {
			isa = PBXFrameworksBuildPhase;
			buildActionMask = 2147483647;
			files = (
			);
			runOnlyForDeploymentPostprocessing = 0;
		};
/* End PBXFrameworksBuildPhase section */

/* Begin PBXGroup section */
		CE0E841B2E06B79C0025D4A0 = {
			isa = PBXGroup;
			children = (
				CE0E84262E06B79C0025D4A0 /* CardStackAnimation */,
				CE0E84342E06B79F0025D4A0 /* CardStackAnimationTests */,
				CE0E843E2E06B79F0025D4A0 /* CardStackAnimationUITests */,
				CE0E84252E06B79C0025D4A0 /* Products */,
			);
			sourceTree = "<group>";
		};
		CE0E84252E06B79C0025D4A0 /* Products */ = {
			isa = PBXGroup;
			children = (
				CE0E84242E06B79C0025D4A0 /* CardStackAnimation.app */,
				CE0E84312E06B79F0025D4A0 /* CardStackAnimationTests.xctest */,
				CE0E843B2E06B79F0025D4A0 /* CardStackAnimationUITests.xctest */,
			);
			name = Products;
			sourceTree = "<group>";
		};
/* End PBXGroup section */

/* Begin PBXNativeTarget section */
		CE0E84232E06B79C0025D4A0 /* CardStackAnimation */ = {
			isa = PBXNativeTarget;
			buildConfigurationList = CE0E84452E06B79F0025D4A0 /* Build configuration list for PBXNativeTarget "CardStackAnimation" */;
			buildPhases = (
				CE0E84202E06B79C0025D4A0 /* Sources */,
				CE0E84212E06B79C0025D4A0 /* Frameworks */,
				CE0E84222E06B79C0025D4A0 /* Resources */,
			);
			buildRules = (
			);
			dependencies = (
			);
			fileSystemSynchronizedGroups = (
				CE0E84262E06B79C0025D4A0 /* CardStackAnimation */,
			);
			name = CardStackAnimation;
			packageProductDependencies = (
			);
			productName = CardStackAnimation;
			productReference = CE0E84242E06B79C0025D4A0 /* CardStackAnimation.app */;
			productType = "com.apple.product-type.application";
		};
		CE0E84302E06B79F0025D4A0 /* CardStackAnimationTests */ = {
			isa = PBXNativeTarget;
			buildConfigurationList = CE0E84482E06B79F0025D4A0 /* Build configuration list for PBXNativeTarget "CardStackAnimationTests" */;
			buildPhases = (
				CE0E842D2E06B79F0025D4A0 /* Sources */,
				CE0E842E2E06B79F0025D4A0 /* Frameworks */,
				CE0E842F2E06B79F0025D4A0 /* Resources */,
			);
			buildRules = (
			);
			dependencies = (
				CE0E84332E06B79F0025D4A0 /* PBXTargetDependency */,
			);
			fileSystemSynchronizedGroups = (
				CE0E84342E06B79F0025D4A0 /* CardStackAnimationTests */,
			);
			name = CardStackAnimationTests;
			packageProductDependencies = (
			);
			productName = CardStackAnimationTests;
			productReference = CE0E84312E06B79F0025D4A0 /* CardStackAnimationTests.xctest */;
			productType = "com.apple.product-type.bundle.unit-test";
		};
		CE0E843A2E06B79F0025D4A0 /* CardStackAnimationUITests */ = {
			isa = PBXNativeTarget;
			buildConfigurationList = CE0E844B2E06B79F0025D4A0 /* Build configuration list for PBXNativeTarget "CardStackAnimationUITests" */;
			buildPhases = (
				CE0E84372E06B79F0025D4A0 /* Sources */,
				CE0E84382E06B79F0025D4A0 /* Frameworks */,
				CE0E84392E06B79F0025D4A0 /* Resources */,
			);
			buildRules = (
			);
			dependencies = (
				CE0E843D2E06B79F0025D4A0 /* PBXTargetDependency */,
			);
			fileSystemSynchronizedGroups = (
				CE0E843E2E06B79F0025D4A0 /* CardStackAnimationUITests */,
			);
			name = CardStackAnimationUITests;
			packageProductDependencies = (
			);
			productName = CardStackAnimationUITests;
			productReference = CE0E843B2E06B79F0025D4A0 /* CardStackAnimationUITests.xctest */;
			productType = "com.apple.product-type.bundle.ui-testing";
		};
/* End PBXNativeTarget section */

/* Begin PBXProject section */
		CE0E841C2E06B79C0025D4A0 /* Project object */ = {
			isa = PBXProject;
			attributes = {
				BuildIndependentTargetsInParallel = 1;
				LastSwiftUpdateCheck = 1640;
				LastUpgradeCheck = 1640;
				TargetAttributes = {
					CE0E84232E06B79C0025D4A0 = {
						CreatedOnToolsVersion = 16.4;
					};
					CE0E84302E06B79F0025D4A0 = {
						CreatedOnToolsVersion = 16.4;
						TestTargetID = CE0E84232E06B79C0025D4A0;
					};
					CE0E843A2E06B79F0025D4A0 = {
						CreatedOnToolsVersion = 16.4;
						TestTargetID = CE0E84232E06B79C0025D4A0;
					};
				};
			};
			buildConfigurationList = CE0E841F2E06B79C0025D4A0 /* Build configuration list for PBXProject "CardStackAnimation" */;
			developmentRegion = en;
			hasScannedForEncodings = 0;
			knownRegions = (
				en,
				Base,
			);
			mainGroup = CE0E841B2E06B79C0025D4A0;
			minimizedProjectReferenceProxies = 1;
			preferredProjectObjectVersion = 77;
			productRefGroup = CE0E84252E06B79C0025D4A0 /* Products */;
			projectDirPath = "";
			projectRoot = "";
			targets = (
				CE0E84232E06B79C0025D4A0 /* CardStackAnimation */,
				CE0E84302E06B79F0025D4A0 /* CardStackAnimationTests */,
				CE0E843A2E06B79F0025D4A0 /* CardStackAnimationUITests */,
			);
		};
/* End PBXProject section */

/* Begin PBXResourcesBuildPhase section */
		CE0E84222E06B79C0025D4A0 /* Resources */ = {
			isa = PBXResourcesBuildPhase;
			buildActionMask = 2147483647;
			files = (
			);
			runOnlyForDeploymentPostprocessing = 0;
		};
		CE0E842F2E06B79F0025D4A0 /* Resources */ = {
			isa = PBXResourcesBuildPhase;
			buildActionMask = 2147483647;
			files = (
			);
			runOnlyForDeploymentPostprocessing = 0;
		};
		CE0E84392E06B79F0025D4A0 /* Resources */ = {
			isa = PBXResourcesBuildPhase;
			buildActionMask = 2147483647;
			files = (
			);
			runOnlyForDeploymentPostprocessing = 0;
		};
/* End PBXResourcesBuildPhase section */

/* Begin PBXSourcesBuildPhase section */
		CE0E84202E06B79C0025D4A0 /* Sources */ = {
			isa = PBXSourcesBuildPhase;
			buildActionMask = 2147483647;
			files = (
			);
			runOnlyForDeploymentPostprocessing = 0;
		};
		CE0E842D2E06B79F0025D4A0 /* Sources */ = {
			isa = PBXSourcesBuildPhase;
			buildActionMask = 2147483647;
			files = (
			);
			runOnlyForDeploymentPostprocessing = 0;
		};
		CE0E84372E06B79F0025D4A0 /* Sources */ = {
			isa = PBXSourcesBuildPhase;
			buildActionMask = 2147483647;
			files = (
			);
			runOnlyForDeploymentPostprocessing = 0;
		};
/* End PBXSourcesBuildPhase section */

/* Begin PBXTargetDependency section */
		CE0E84332E06B79F0025D4A0 /* PBXTargetDependency */ = {
			isa = PBXTargetDependency;
			target = CE0E84232E06B79C0025D4A0 /* CardStackAnimation */;
			targetProxy = CE0E84322E06B79F0025D4A0 /* PBXContainerItemProxy */;
		};
		CE0E843D2E06B79F0025D4A0 /* PBXTargetDependency */ = {
			isa = PBXTargetDependency;
			target = CE0E84232E06B79C0025D4A0 /* CardStackAnimation */;
			targetProxy = CE0E843C2E06B79F0025D4A0 /* PBXContainerItemProxy */;
		};
/* End PBXTargetDependency section */

/* Begin XCBuildConfiguration section */
		CE0E84432E06B79F0025D4A0 /* Debug */ = {
			isa = XCBuildConfiguration;
			buildSettings = {
				ALWAYS_SEARCH_USER_PATHS = NO;
				ASSETCATALOG_COMPILER_GENERATE_SWIFT_ASSET_SYMBOL_EXTENSIONS = YES;
				CLANG_ANALYZER_NONNULL = YES;
				CLANG_ANALYZER_NUMBER_OBJECT_CONVERSION = YES_AGGRESSIVE;
				CLANG_CXX_LANGUAGE_STANDARD = "gnu++20";
				CLANG_ENABLE_MODULES = YES;
				CLANG_ENABLE_OBJC_ARC = YES;
				CLANG_ENABLE_OBJC_WEAK = YES;
				CLANG_WARN_BLOCK_CAPTURE_AUTORELEASING = YES;
				CLANG_WARN_BOOL_CONVERSION = YES;
				CLANG_WARN_COMMA = YES;
				CLANG_WARN_CONSTANT_CONVERSION = YES;
				CLANG_WARN_DEPRECATED_OBJC_IMPLEMENTATIONS = YES;
				CLANG_WARN_DIRECT_OBJC_ISA_USAGE = YES_ERROR;
				CLANG_WARN_DOCUMENTATION_COMMENTS = YES;
				CLANG_WARN_EMPTY_BODY = YES;
				CLANG_WARN_ENUM_CONVERSION = YES;
				CLANG_WARN_INFINITE_RECURSION = YES;
				CLANG_WARN_INT_CONVERSION = YES;
				CLANG_WARN_NON_LITERAL_NULL_CONVERSION = YES;
				CLANG_WARN_OBJC_IMPLICIT_RETAIN_SELF = YES;
				CLANG_WARN_OBJC_LITERAL_CONVERSION = YES;
				CLANG_WARN_OBJC_ROOT_CLASS = YES_ERROR;
				CLANG_WARN_QUOTED_INCLUDE_IN_FRAMEWORK_HEADER = YES;
				CLANG_WARN_RANGE_LOOP_ANALYSIS = YES;
				CLANG_WARN_STRICT_PROTOTYPES = YES;
				CLANG_WARN_SUSPICIOUS_MOVE = YES;
				CLANG_WARN_UNGUARDED_AVAILABILITY = YES_AGGRESSIVE;
				CLANG_WARN_UNREACHABLE_CODE = YES;
				CLANG_WARN__DUPLICATE_METHOD_MATCH = YES;
				COPY_PHASE_STRIP = NO;
				DEBUG_INFORMATION_FORMAT = dwarf;
				DEVELOPMENT_TEAM = 4LF4NH5J43;
				ENABLE_STRICT_OBJC_MSGSEND = YES;
				ENABLE_TESTABILITY = YES;
				ENABLE_USER_SCRIPT_SANDBOXING = YES;
				GCC_C_LANGUAGE_STANDARD = gnu17;
				GCC_DYNAMIC_NO_PIC = NO;
				GCC_NO_COMMON_BLOCKS = YES;
				GCC_OPTIMIZATION_LEVEL = 0;
				GCC_PREPROCESSOR_DEFINITIONS = (
					"DEBUG=1",
					"$(inherited)",
				);
				GCC_WARN_64_TO_32_BIT_CONVERSION = YES;
				GCC_WARN_ABOUT_RETURN_TYPE = YES_ERROR;
				GCC_WARN_UNDECLARED_SELECTOR = YES;
				GCC_WARN_UNINITIALIZED_AUTOS = YES_AGGRESSIVE;
				GCC_WARN_UNUSED_FUNCTION = YES;
				GCC_WARN_UNUSED_VARIABLE = YES;
				IPHONEOS_DEPLOYMENT_TARGET = 18.5;
				LOCALIZATION_PREFERS_STRING_CATALOGS = YES;
				MTL_ENABLE_DEBUG_INFO = INCLUDE_SOURCE;
				MTL_FAST_MATH = YES;
				ONLY_ACTIVE_ARCH = YES;
				SDKROOT = iphoneos;
				SWIFT_ACTIVE_COMPILATION_CONDITIONS = "DEBUG $(inherited)";
				SWIFT_OPTIMIZATION_LEVEL = "-Onone";
			};
			name = Debug;
		};
		CE0E84442E06B79F0025D4A0 /* Release */ = {
			isa = XCBuildConfiguration;
			buildSettings = {
				ALWAYS_SEARCH_USER_PATHS = NO;
				ASSETCATALOG_COMPILER_GENERATE_SWIFT_ASSET_SYMBOL_EXTENSIONS = YES;
				CLANG_ANALYZER_NONNULL = YES;
				CLANG_ANALYZER_NUMBER_OBJECT_CONVERSION = YES_AGGRESSIVE;
				CLANG_CXX_LANGUAGE_STANDARD = "gnu++20";
				CLANG_ENABLE_MODULES = YES;
				CLANG_ENABLE_OBJC_ARC = YES;
				CLANG_ENABLE_OBJC_WEAK = YES;
				CLANG_WARN_BLOCK_CAPTURE_AUTORELEASING = YES;
				CLANG_WARN_BOOL_CONVERSION = YES;
				CLANG_WARN_COMMA = YES;
				CLANG_WARN_CONSTANT_CONVERSION = YES;
				CLANG_WARN_DEPRECATED_OBJC_IMPLEMENTATIONS = YES;
				CLANG_WARN_DIRECT_OBJC_ISA_USAGE = YES_ERROR;
				CLANG_WARN_DOCUMENTATION_COMMENTS = YES;
				CLANG_WARN_EMPTY_BODY = YES;
				CLANG_WARN_ENUM_CONVERSION = YES;
				CLANG_WARN_INFINITE_RECURSION = YES;
				CLANG_WARN_INT_CONVERSION = YES;
				CLANG_WARN_NON_LITERAL_NULL_CONVERSION = YES;
				CLANG_WARN_OBJC_IMPLICIT_RETAIN_SELF = YES;
				CLANG_WARN_OBJC_LITERAL_CONVERSION = YES;
				CLANG_WARN_OBJC_ROOT_CLASS = YES_ERROR;
				CLANG_WARN_QUOTED_INCLUDE_IN_FRAMEWORK_HEADER = YES;
				CLANG_WARN_RANGE_LOOP_ANALYSIS = YES;
				CLANG_WARN_STRICT_PROTOTYPES = YES;
				CLANG_WARN_SUSPICIOUS_MOVE = YES;
				CLANG_WARN_UNGUARDED_AVAILABILITY = YES_AGGRESSIVE;
				CLANG_WARN_UNREACHABLE_CODE = YES;
				CLANG_WARN__DUPLICATE_METHOD_MATCH = YES;
				COPY_PHASE_STRIP = NO;
				DEBUG_INFORMATION_FORMAT = "dwarf-with-dsym";
				DEVELOPMENT_TEAM = 4LF4NH5J43;
				ENABLE_NS_ASSERTIONS = NO;
				ENABLE_STRICT_OBJC_MSGSEND = YES;
				ENABLE_USER_SCRIPT_SANDBOXING = YES;
				GCC_C_LANGUAGE_STANDARD = gnu17;
				GCC_NO_COMMON_BLOCKS = YES;
				GCC_WARN_64_TO_32_BIT_CONVERSION = YES;
				GCC_WARN_ABOUT_RETURN_TYPE = YES_ERROR;
				GCC_WARN_UNDECLARED_SELECTOR = YES;
				GCC_WARN_UNINITIALIZED_AUTOS = YES_AGGRESSIVE;
				GCC_WARN_UNUSED_FUNCTION = YES;
				GCC_WARN_UNUSED_VARIABLE = YES;
				IPHONEOS_DEPLOYMENT_TARGET = 18.5;
				LOCALIZATION_PREFERS_STRING_CATALOGS = YES;
				MTL_ENABLE_DEBUG_INFO = NO;
				MTL_FAST_MATH = YES;
				SDKROOT = iphoneos;
				SWIFT_COMPILATION_MODE = wholemodule;
				VALIDATE_PRODUCT = YES;
			};
			name = Release;
		};
		CE0E84462E06B79F0025D4A0 /* Debug */ = {
			isa = XCBuildConfiguration;
			buildSettings = {
				ASSETCATALOG_COMPILER_APPICON_NAME = AppIcon;
				ASSETCATALOG_COMPILER_GLOBAL_ACCENT_COLOR_NAME = AccentColor;
				CODE_SIGN_STYLE = Automatic;
				CURRENT_PROJECT_VERSION = 1;
				DEVELOPMENT_TEAM = 4LF4NH5J43;
				ENABLE_PREVIEWS = YES;
				GENERATE_INFOPLIST_FILE = YES;
				INFOPLIST_KEY_UIApplicationSceneManifest_Generation = YES;
				INFOPLIST_KEY_UIApplicationSupportsIndirectInputEvents = YES;
				INFOPLIST_KEY_UILaunchScreen_Generation = YES;
				INFOPLIST_KEY_UISupportedInterfaceOrientations_iPad = "UIInterfaceOrientationPortrait UIInterfaceOrientationPortraitUpsideDown UIInterfaceOrientationLandscapeLeft UIInterfaceOrientationLandscapeRight";
				INFOPLIST_KEY_UISupportedInterfaceOrientations_iPhone = "UIInterfaceOrientationPortrait UIInterfaceOrientationLandscapeLeft UIInterfaceOrientationLandscapeRight";
				LD_RUNPATH_SEARCH_PATHS = (
					"$(inherited)",
					"@executable_path/Frameworks",
				);
				MARKETING_VERSION = 1.0;
				PRODUCT_BUNDLE_IDENTIFIER = com.yourname.timer.CardStackAnimation;
				PRODUCT_NAME = "$(TARGET_NAME)";
				SWIFT_EMIT_LOC_STRINGS = YES;
				SWIFT_VERSION = 5.0;
				TARGETED_DEVICE_FAMILY = "1,2";
			};
			name = Debug;
		};
		CE0E84472E06B79F0025D4A0 /* Release */ = {
			isa = XCBuildConfiguration;
			buildSettings = {
				ASSETCATALOG_COMPILER_APPICON_NAME = AppIcon;
				ASSETCATALOG_COMPILER_GLOBAL_ACCENT_COLOR_NAME = AccentColor;
				CODE_SIGN_STYLE = Automatic;
				CURRENT_PROJECT_VERSION = 1;
				DEVELOPMENT_TEAM = 4LF4NH5J43;
				ENABLE_PREVIEWS = YES;
				GENERATE_INFOPLIST_FILE = YES;
				INFOPLIST_KEY_UIApplicationSceneManifest_Generation = YES;
				INFOPLIST_KEY_UIApplicationSupportsIndirectInputEvents = YES;
				INFOPLIST_KEY_UILaunchScreen_Generation = YES;
				INFOPLIST_KEY_UISupportedInterfaceOrientations_iPad = "UIInterfaceOrientationPortrait UIInterfaceOrientationPortraitUpsideDown UIInterfaceOrientationLandscapeLeft UIInterfaceOrientationLandscapeRight";
				INFOPLIST_KEY_UISupportedInterfaceOrientations_iPhone = "UIInterfaceOrientationPortrait UIInterfaceOrientationLandscapeLeft UIInterfaceOrientationLandscapeRight";
				LD_RUNPATH_SEARCH_PATHS = (
					"$(inherited)",
					"@executable_path/Frameworks",
				);
				MARKETING_VERSION = 1.0;
				PRODUCT_BUNDLE_IDENTIFIER = com.yourname.timer.CardStackAnimation;
				PRODUCT_NAME = "$(TARGET_NAME)";
				SWIFT_EMIT_LOC_STRINGS = YES;
				SWIFT_VERSION = 5.0;
				TARGETED_DEVICE_FAMILY = "1,2";
			};
			name = Release;
		};
		CE0E84492E06B79F0025D4A0 /* Debug */ = {
			isa = XCBuildConfiguration;
			buildSettings = {
				BUNDLE_LOADER = "$(TEST_HOST)";
				CODE_SIGN_STYLE = Automatic;
				CURRENT_PROJECT_VERSION = 1;
				DEVELOPMENT_TEAM = 4LF4NH5J43;
				GENERATE_INFOPLIST_FILE = YES;
				IPHONEOS_DEPLOYMENT_TARGET = 18.5;
				MARKETING_VERSION = 1.0;
				PRODUCT_BUNDLE_IDENTIFIER = com.yourname.timer.CardStackAnimationTests;
				PRODUCT_NAME = "$(TARGET_NAME)";
				SWIFT_EMIT_LOC_STRINGS = NO;
				SWIFT_VERSION = 5.0;
				TARGETED_DEVICE_FAMILY = "1,2";
				TEST_HOST = "$(BUILT_PRODUCTS_DIR)/CardStackAnimation.app/$(BUNDLE_EXECUTABLE_FOLDER_PATH)/CardStackAnimation";
			};
			name = Debug;
		};
		CE0E844A2E06B79F0025D4A0 /* Release */ = {
			isa = XCBuildConfiguration;
			buildSettings = {
				BUNDLE_LOADER = "$(TEST_HOST)";
				CODE_SIGN_STYLE = Automatic;
				CURRENT_PROJECT_VERSION = 1;
				DEVELOPMENT_TEAM = 4LF4NH5J43;
				GENERATE_INFOPLIST_FILE = YES;
				IPHONEOS_DEPLOYMENT_TARGET = 18.5;
				MARKETING_VERSION = 1.0;
				PRODUCT_BUNDLE_IDENTIFIER = com.yourname.timer.CardStackAnimationTests;
				PRODUCT_NAME = "$(TARGET_NAME)";
				SWIFT_EMIT_LOC_STRINGS = NO;
				SWIFT_VERSION = 5.0;
				TARGETED_DEVICE_FAMILY = "1,2";
				TEST_HOST = "$(BUILT_PRODUCTS_DIR)/CardStackAnimation.app/$(BUNDLE_EXECUTABLE_FOLDER_PATH)/CardStackAnimation";
			};
			name = Release;
		};
		CE0E844C2E06B79F0025D4A0 /* Debug */ = {
			isa = XCBuildConfiguration;
			buildSettings = {
				CODE_SIGN_STYLE = Automatic;
				CURRENT_PROJECT_VERSION = 1;
				DEVELOPMENT_TEAM = 4LF4NH5J43;
				GENERATE_INFOPLIST_FILE = YES;
				MARKETING_VERSION = 1.0;
				PRODUCT_BUNDLE_IDENTIFIER = com.yourname.timer.CardStackAnimationUITests;
				PRODUCT_NAME = "$(TARGET_NAME)";
				SWIFT_EMIT_LOC_STRINGS = NO;
				SWIFT_VERSION = 5.0;
				TARGETED_DEVICE_FAMILY = "1,2";
				TEST_TARGET_NAME = CardStackAnimation;
			};
			name = Debug;
		};
		CE0E844D2E06B79F0025D4A0 /* Release */ = {
			isa = XCBuildConfiguration;
			buildSettings = {
				CODE_SIGN_STYLE = Automatic;
				CURRENT_PROJECT_VERSION = 1;
				DEVELOPMENT_TEAM = 4LF4NH5J43;
				GENERATE_INFOPLIST_FILE = YES;
				MARKETING_VERSION = 1.0;
				PRODUCT_BUNDLE_IDENTIFIER = com.yourname.timer.CardStackAnimationUITests;
				PRODUCT_NAME = "$(TARGET_NAME)";
				SWIFT_EMIT_LOC_STRINGS = NO;
				SWIFT_VERSION = 5.0;
				TARGETED_DEVICE_FAMILY = "1,2";
				TEST_TARGET_NAME = CardStackAnimation;
			};
			name = Release;
		};
/* End XCBuildConfiguration section */

/* Begin XCConfigurationList section */
		CE0E841F2E06B79C0025D4A0 /* Build configuration list for PBXProject "CardStackAnimation" */ = {
			isa = XCConfigurationList;
			buildConfigurations = (
				CE0E84432E06B79F0025D4A0 /* Debug */,
				CE0E84442E06B79F0025D4A0 /* Release */,
			);
			defaultConfigurationIsVisible = 0;
			defaultConfigurationName = Release;
		};
		CE0E84452E06B79F0025D4A0 /* Build configuration list for PBXNativeTarget "CardStackAnimation" */ = {
			isa = XCConfigurationList;
			buildConfigurations = (
				CE0E84462E06B79F0025D4A0 /* Debug */,
				CE0E84472E06B79F0025D4A0 /* Release */,
			);
			defaultConfigurationIsVisible = 0;
			defaultConfigurationName = Release;
		};
		CE0E84482E06B79F0025D4A0 /* Build configuration list for PBXNativeTarget "CardStackAnimationTests" */ = {
			isa = XCConfigurationList;
			buildConfigurations = (
				CE0E84492E06B79F0025D4A0 /* Debug */,
				CE0E844A2E06B79F0025D4A0 /* Release */,
			);
			defaultConfigurationIsVisible = 0;
			defaultConfigurationName = Release;
		};
		CE0E844B2E06B79F0025D4A0 /* Build configuration list for PBXNativeTarget "CardStackAnimationUITests" */ = {
			isa = XCConfigurationList;
			buildConfigurations = (
				CE0E844C2E06B79F0025D4A0 /* Debug */,
				CE0E844D2E06B79F0025D4A0 /* Release */,
			);
			defaultConfigurationIsVisible = 0;
			defaultConfigurationName = Release;
		};
/* End XCConfigurationList section */
	};
	rootObject = CE0E841C2E06B79C0025D4A0 /* Project object */;
}
